
Microsoft Visual Studio Solution File, Format Version 12.00
# Visual Studio Version 16
VisualStudioVersion = 16.0.31727.386
MinimumVisualStudioVersion = 10.0.40219.1
Project("{9A19103F-16F7-4668-BE54-9A1E7A4F7556}") = "AwsLambda", "AwsLambda\AwsLambda.csproj", "{5B9CBEF1-D2A2-46AB-A817-6BF78CE73760}"
EndProject
Project("{FAE04EC0-301F-11D3-BF4B-00C04F79EFBC}") = "AzureFunction", "AzureFunction\AzureFunction.csproj", "{8EC4AB37-38E0-4B0C-A771-D414583FD8B5}"
EndProject
Global
	GlobalSection(SolutionConfigurationPlatforms) = preSolution
		Debug|Any CPU = Debug|Any CPU
		Release|Any CPU = Release|Any CPU
	EndGlobalSection
	GlobalSection(ProjectConfigurationPlatforms) = postSolution
		{5B9CBEF1-D2A2-46AB-A817-6BF78CE73760}.Debug|Any CPU.ActiveCfg = Debug|Any CPU
		{5B9CBEF1-D2A2-46AB-A817-6BF78CE73760}.Debug|Any CPU.Build.0 = Debug|Any CPU
		{5B9CBEF1-D2A2-46AB-A817-6BF78CE73760}.Release|Any CPU.ActiveCfg = Release|Any CPU
		{5B9CBEF1-D2A2-46AB-A817-6BF78CE73760}.Release|Any CPU.Build.0 = Release|Any CPU
		{8EC4AB37-38E0-4B0C-A771-D414583FD8B5}.Debug|Any CPU.ActiveCfg = Debug|Any CPU
		{8EC4AB37-38E0-4B0C-A771-D414583FD8B5}.Debug|Any CPU.Build.0 = Debug|Any CPU
		{8EC4AB37-38E0-4B0C-A771-D414583FD8B5}.Release|Any CPU.ActiveCfg = Release|Any CPU
		{8EC4AB37-38E0-4B0C-A771-D414583FD8B5}.Release|Any CPU.Build.0 = Release|Any CPU
	EndGlobalSection
	GlobalSection(SolutionProperties) = preSolution
		HideSolutionNode = FALSE
	EndGlobalSection
	GlobalSection(ExtensibilityGlobals) = postSolution
		SolutionGuid = {7A055D6F-A1CE-4F7C-8B6E-D033C2FEE2B6}
	EndGlobalSection
EndGlobal
